
Microsoft Visual Studio Solution File, Format Version 12.00
# Visual Studio 15
VisualStudioVersion = 15.0.27130.2027
MinimumVisualStudioVersion = 10.0.40219.1
Project("{FAE04EC0-301F-11D3-BF4B-00C04F79EFBC}") = "CMCore", "CMCore\CMCore.csproj", "{C636E2A3-D1E8-4B3F-B1E5-634306430DB8}"
EndProject
Global
	GlobalSection(SolutionConfigurationPlatforms) = preSolution
		Debug|Any CPU = Debug|Any CPU
		Release|Any CPU = Release|Any CPU
	EndGlobalSection
	GlobalSection(ProjectConfigurationPlatforms) = postSolution
		{C636E2A3-D1E8-4B3F-B1E5-634306430DB8}.Debug|Any CPU.ActiveCfg = Debug|Any CPU
		{C636E2A3-D1E8-4B3F-B1E5-634306430DB8}.Debug|Any CPU.Build.0 = Debug|Any CPU
		{C636E2A3-D1E8-4B3F-B1E5-634306430DB8}.Release|Any CPU.ActiveCfg = Release|Any CPU
		{C636E2A3-D1E8-4B3F-B1E5-634306430DB8}.Release|Any CPU.Build.0 = Release|Any CPU
	EndGlobalSection
	GlobalSection(SolutionProperties) = preSolution
		HideSolutionNode = FALSE
	EndGlobalSection
	GlobalSection(ExtensibilityGlobals) = postSolution
		SolutionGuid = {0341D544-0BC7-41BC-B6BA-728EC076ECD2}
	EndGlobalSection
EndGlobal
